// !$*UTF8*$!
{
	archiveVersion = 1;
	classes = {
	};
	objectVersion = 44;
	objects = {

/* Begin PBXBuildFile section */
		693B5DC50B8232C50063939F /* Lablib.framework in CopyFiles */ = {isa = PBXBuildFile; fileRef = 6975F4160B332F1000312509 /* Lablib.framework */; };
		69712D2207E244E10083188B /* DataConvert_Prefix.h in Headers */ = {isa = PBXBuildFile; fileRef = 69712D2107E244E10083188B /* DataConvert_Prefix.h */; };
		69712D2B07E244F50083188B /* DataConvert.h in Headers */ = {isa = PBXBuildFile; fileRef = 69712D2A07E244F50083188B /* DataConvert.h */; };
		6973FCED0A43267E00A68677 /* Release Notes.txt in Resources */ = {isa = PBXBuildFile; fileRef = 6973FCEC0A43267E00A68677 /* Release Notes.txt */; };
		6975F4170B332F1000312509 /* Lablib.framework in Frameworks */ = {isa = PBXBuildFile; fileRef = 6975F4160B332F1000312509 /* Lablib.framework */; };
		698E347208A3CB0500649857 /* ConverterDoc.nib in Resources */ = {isa = PBXBuildFile; fileRef = 698E347008A3CB0500649857 /* ConverterDoc.nib */; };
		698E347508A3CB1C00649857 /* MainMenu.nib in Resources */ = {isa = PBXBuildFile; fileRef = 698E347308A3CB1C00649857 /* MainMenu.nib */; };
		69A9E3D70588E51700F6A0DD /* InfoPlist.strings in Resources */ = {isa = PBXBuildFile; fileRef = 089C165FFE840EACC02AAC07 /* InfoPlist.strings */; };
		69A9E3E50588E51800F6A0DD /* main.m in Sources */ = {isa = PBXBuildFile; fileRef = 69DCA7BA043CF6E000F95509 /* main.m */; };
		69A9E3E70588E51800F6A0DD /* Cocoa.framework in Frameworks */ = {isa = PBXBuildFile; fileRef = 1058C7A7FEA54F5311CA2CBB /* Cocoa.framework */; };
		69AA8A99083F7DFD00DAB812 /* PrintView.h in Headers */ = {isa = PBXBuildFile; fileRef = 69AA8A8D083F7DFD00DAB812 /* PrintView.h */; };
		69AA8A9A083F7DFD00DAB812 /* InfoView.h in Headers */ = {isa = PBXBuildFile; fileRef = 69AA8A8E083F7DFD00DAB812 /* InfoView.h */; };
		69AA8A9C083F7DFD00DAB812 /* HexView.h in Headers */ = {isa = PBXBuildFile; fileRef = 69AA8A90083F7DFD00DAB812 /* HexView.h */; };
		69AA8AA0083F7DFD00DAB812 /* DataFile.h in Headers */ = {isa = PBXBuildFile; fileRef = 69AA8A94083F7DFD00DAB812 /* DataFile.h */; };
		69AA8AA1083F7DFD00DAB812 /* EventView.h in Headers */ = {isa = PBXBuildFile; fileRef = 69AA8A95083F7DFD00DAB812 /* EventView.h */; };
		69AA8AA2083F7DFD00DAB812 /* DefView.h in Headers */ = {isa = PBXBuildFile; fileRef = 69AA8A96083F7DFD00DAB812 /* DefView.h */; };
		69AA8AAC083F7E0500DAB812 /* HexView.m in Sources */ = {isa = PBXBuildFile; fileRef = 69AA8AA3083F7E0500DAB812 /* HexView.m */; };
		69AA8AAF083F7E0500DAB812 /* PrintView.m in Sources */ = {isa = PBXBuildFile; fileRef = 69AA8AA6083F7E0500DAB812 /* PrintView.m */; };
		69AA8AB0083F7E0500DAB812 /* DefView.m in Sources */ = {isa = PBXBuildFile; fileRef = 69AA8AA7083F7E0500DAB812 /* DefView.m */; };
		69AA8AB1083F7E0500DAB812 /* DataFile.m in Sources */ = {isa = PBXBuildFile; fileRef = 69AA8AA8083F7E0500DAB812 /* DataFile.m */; };
		69AA8AB2083F7E0500DAB812 /* InfoView.m in Sources */ = {isa = PBXBuildFile; fileRef = 69AA8AA9083F7E0500DAB812 /* InfoView.m */; };
		69AA8ADB083F7F2A00DAB812 /* EventView.m in Sources */ = {isa = PBXBuildFile; fileRef = 69AA8ADA083F7F2A00DAB812 /* EventView.m */; };
		69AA8FC50841282F00DAB812 /* UserDefaults.plist in Resources */ = {isa = PBXBuildFile; fileRef = 69AA8FC40841282F00DAB812 /* UserDefaults.plist */; };
		69AA90920841363300DAB812 /* AppController.m in Sources */ = {isa = PBXBuildFile; fileRef = 69AA8D50083F839000DAB812 /* AppController.m */; };
		69AA90940841363600DAB812 /* AppController.h in Headers */ = {isa = PBXBuildFile; fileRef = 69AA8D4F083F839000DAB812 /* AppController.h */; };
		69CB695513B6747800582AD4 /* Foundation.framework in Frameworks */ = {isa = PBXBuildFile; fileRef = 69CB695413B6747800582AD4 /* Foundation.framework */; };
		69CB695713B6748000582AD4 /* CoreData.framework in Frameworks */ = {isa = PBXBuildFile; fileRef = 69CB695613B6748000582AD4 /* CoreData.framework */; };
/* End PBXBuildFile section */

/* Begin PBXCopyFilesBuildPhase section */
		6971330707E24DAB0083188B /* CopyFiles */ = {
			isa = PBXCopyFilesBuildPhase;
			buildActionMask = 2147483647;
			dstPath = "";
			dstSubfolderSpec = 10;
			files = (
				693B5DC50B8232C50063939F /* Lablib.framework in CopyFiles */,
			);
			runOnlyForDeploymentPostprocessing = 0;
		};
/* End PBXCopyFilesBuildPhase section */

/* Begin PBXFileReference section */
		089C1660FE840EACC02AAC07 /* English */ = {isa = PBXFileReference; fileEncoding = 10; lastKnownFileType = text.plist.strings; name = English; path = English.lproj/InfoPlist.strings; sourceTree = "<group>"; };
		1058C7A7FEA54F5311CA2CBB /* Cocoa.framework */ = {isa = PBXFileReference; lastKnownFileType = wrapper.framework; name = Cocoa.framework; path = /System/Library/Frameworks/Cocoa.framework; sourceTree = "<absolute>"; };
		69712D2107E244E10083188B /* DataConvert_Prefix.h */ = {isa = PBXFileReference; fileEncoding = 30; lastKnownFileType = sourcecode.c.h; path = DataConvert_Prefix.h; sourceTree = "<group>"; };
		69712D2A07E244F50083188B /* DataConvert.h */ = {isa = PBXFileReference; fileEncoding = 30; lastKnownFileType = sourcecode.c.h; path = DataConvert.h; sourceTree = "<group>"; };
		6973FCEC0A43267E00A68677 /* Release Notes.txt */ = {isa = PBXFileReference; fileEncoding = 30; lastKnownFileType = text; name = "Release Notes.txt"; path = "../../Documentation/Release Notes.txt"; sourceTree = SOURCE_ROOT; };
		6975F4160B332F1000312509 /* Lablib.framework */ = {isa = PBXFileReference; lastKnownFileType = wrapper.framework; name = Lablib.framework; path = ../../Frameworks/Lablib/build/Development/Lablib.framework; sourceTree = SOURCE_ROOT; };
		698E347108A3CB0500649857 /* English */ = {isa = PBXFileReference; lastKnownFileType = file.xib; name = English; path = ConverterDoc.xib; sourceTree = "<group>"; };
		698E347408A3CB1C00649857 /* English */ = {isa = PBXFileReference; lastKnownFileType = file.xib; name = English; path = MainMenu.xib; sourceTree = "<group>"; };
		69A9E3E90588E51800F6A0DD /* Info-DataConvert.plist */ = {isa = PBXFileReference; lastKnownFileType = text.plist.xml; path = "Info-DataConvert.plist"; sourceTree = "<group>"; };
		69A9E3EA0588E51800F6A0DD /* DataConvert.app */ = {isa = PBXFileReference; explicitFileType = wrapper.application; includeInIndex = 0; path = DataConvert.app; sourceTree = BUILT_PRODUCTS_DIR; };
		69AA8A8D083F7DFD00DAB812 /* PrintView.h */ = {isa = PBXFileReference; fileEncoding = 30; lastKnownFileType = sourcecode.c.h; path = PrintView.h; sourceTree = "<group>"; };
		69AA8A8E083F7DFD00DAB812 /* InfoView.h */ = {isa = PBXFileReference; fileEncoding = 30; lastKnownFileType = sourcecode.c.h; path = InfoView.h; sourceTree = "<group>"; };
		69AA8A90083F7DFD00DAB812 /* HexView.h */ = {isa = PBXFileReference; fileEncoding = 30; lastKnownFileType = sourcecode.c.h; path = HexView.h; sourceTree = "<group>"; };
		69AA8A94083F7DFD00DAB812 /* DataFile.h */ = {isa = PBXFileReference; fileEncoding = 30; lastKnownFileType = sourcecode.c.h; path = DataFile.h; sourceTree = "<group>"; };
		69AA8A95083F7DFD00DAB812 /* EventView.h */ = {isa = PBXFileReference; fileEncoding = 30; lastKnownFileType = sourcecode.c.h; path = EventView.h; sourceTree = "<group>"; };
		69AA8A96083F7DFD00DAB812 /* DefView.h */ = {isa = PBXFileReference; fileEncoding = 30; lastKnownFileType = sourcecode.c.h; path = DefView.h; sourceTree = "<group>"; };
		69AA8AA3083F7E0500DAB812 /* HexView.m */ = {isa = PBXFileReference; fileEncoding = 30; lastKnownFileType = sourcecode.c.objc; path = HexView.m; sourceTree = "<group>"; };
		69AA8AA6083F7E0500DAB812 /* PrintView.m */ = {isa = PBXFileReference; fileEncoding = 30; lastKnownFileType = sourcecode.c.objc; path = PrintView.m; sourceTree = "<group>"; };
		69AA8AA7083F7E0500DAB812 /* DefView.m */ = {isa = PBXFileReference; fileEncoding = 30; lastKnownFileType = sourcecode.c.objc; path = DefView.m; sourceTree = "<group>"; };
		69AA8AA8083F7E0500DAB812 /* DataFile.m */ = {isa = PBXFileReference; fileEncoding = 30; lastKnownFileType = sourcecode.c.objc; path = DataFile.m; sourceTree = "<group>"; };
		69AA8AA9083F7E0500DAB812 /* InfoView.m */ = {isa = PBXFileReference; fileEncoding = 30; lastKnownFileType = sourcecode.c.objc; path = InfoView.m; sourceTree = "<group>"; };
		69AA8ADA083F7F2A00DAB812 /* EventView.m */ = {isa = PBXFileReference; fileEncoding = 30; lastKnownFileType = sourcecode.c.objc; path = EventView.m; sourceTree = "<group>"; };
		69AA8D4F083F839000DAB812 /* AppController.h */ = {isa = PBXFileReference; fileEncoding = 30; lastKnownFileType = sourcecode.c.h; path = AppController.h; sourceTree = "<group>"; };
		69AA8D50083F839000DAB812 /* AppController.m */ = {isa = PBXFileReference; fileEncoding = 30; lastKnownFileType = sourcecode.c.objc; path = AppController.m; sourceTree = "<group>"; };
		69AA8FC40841282F00DAB812 /* UserDefaults.plist */ = {isa = PBXFileReference; fileEncoding = 30; lastKnownFileType = text.plist.xml; path = UserDefaults.plist; sourceTree = "<group>"; };
		69CB695413B6747800582AD4 /* Foundation.framework */ = {isa = PBXFileReference; lastKnownFileType = wrapper.framework; path = Foundation.framework; sourceTree = "<group>"; };
		69CB695613B6748000582AD4 /* CoreData.framework */ = {isa = PBXFileReference; lastKnownFileType = wrapper.framework; path = CoreData.framework; sourceTree = "<group>"; };
		69DCA7BA043CF6E000F95509 /* main.m */ = {isa = PBXFileReference; fileEncoding = 30; lastKnownFileType = sourcecode.c.objc; path = main.m; sourceTree = "<group>"; };
/* End PBXFileReference section */

/* Begin PBXFrameworksBuildPhase section */
		69A9E3E60588E51800F6A0DD /* Frameworks */ = {
			isa = PBXFrameworksBuildPhase;
			buildActionMask = 2147483647;
			files = (
				69A9E3E70588E51800F6A0DD /* Cocoa.framework in Frameworks */,
				6975F4170B332F1000312509 /* Lablib.framework in Frameworks */,
				69CB695513B6747800582AD4 /* Foundation.framework in Frameworks */,
				69CB695713B6748000582AD4 /* CoreData.framework in Frameworks */,
			);
			runOnlyForDeploymentPostprocessing = 0;
		};
/* End PBXFrameworksBuildPhase section */

/* Begin PBXGroup section */
		19C28FB0FE9D524F11CA2CBB /* Products */ = {
			isa = PBXGroup;
			children = (
				69A9E3EA0588E51800F6A0DD /* DataConvert.app */,
			);
			name = Products;
			sourceTree = "<group>";
		};
		2A37F4AAFDCFA73011CA2CEA /* Data Inspector */ = {
			isa = PBXGroup;
			children = (
				6973FCEC0A43267E00A68677 /* Release Notes.txt */,
				2A37F4ABFDCFA73011CA2CEA /* Classes */,
				2A37F4AFFDCFA73011CA2CEA /* Supporting Files */,
				2A37F4B8FDCFA73011CA2CEA /* Resources */,
				2A37F4C3FDCFA73011CA2CEA /* Frameworks */,
				19C28FB0FE9D524F11CA2CBB /* Products */,
			);
			name = "Data Inspector";
			sourceTree = "<group>";
		};
		2A37F4ABFDCFA73011CA2CEA /* Classes */ = {
			isa = PBXGroup;
			children = (
				69AA8D4F083F839000DAB812 /* AppController.h */,
				69AA8D50083F839000DAB812 /* AppController.m */,
				69AA8A94083F7DFD00DAB812 /* DataFile.h */,
				69AA8AA8083F7E0500DAB812 /* DataFile.m */,
				69AA8A96083F7DFD00DAB812 /* DefView.h */,
				69AA8AA7083F7E0500DAB812 /* DefView.m */,
				69AA8A95083F7DFD00DAB812 /* EventView.h */,
				69AA8ADA083F7F2A00DAB812 /* EventView.m */,
				69AA8A90083F7DFD00DAB812 /* HexView.h */,
				69AA8AA3083F7E0500DAB812 /* HexView.m */,
				69AA8A8E083F7DFD00DAB812 /* InfoView.h */,
				69AA8AA9083F7E0500DAB812 /* InfoView.m */,
				69AA8A8D083F7DFD00DAB812 /* PrintView.h */,
				69AA8AA6083F7E0500DAB812 /* PrintView.m */,
			);
			name = Classes;
			sourceTree = "<group>";
		};
		2A37F4AFFDCFA73011CA2CEA /* Supporting Files */ = {
			isa = PBXGroup;
			children = (
				69DCA7BA043CF6E000F95509 /* main.m */,
				69712D2A07E244F50083188B /* DataConvert.h */,
				69712D2107E244E10083188B /* DataConvert_Prefix.h */,
				69A9E3E90588E51800F6A0DD /* Info-DataConvert.plist */,
				69AA8FC40841282F00DAB812 /* UserDefaults.plist */,
			);
			name = "Supporting Files";
			sourceTree = "<group>";
		};
		2A37F4B8FDCFA73011CA2CEA /* Resources */ = {
			isa = PBXGroup;
			children = (
				698E347308A3CB1C00649857 /* MainMenu.nib */,
				698E347008A3CB0500649857 /* ConverterDoc.nib */,
				089C165FFE840EACC02AAC07 /* InfoPlist.strings */,
			);
			name = Resources;
			sourceTree = "<group>";
		};
		2A37F4C3FDCFA73011CA2CEA /* Frameworks */ = {
			isa = PBXGroup;
			children = (
				1058C7A7FEA54F5311CA2CBB /* Cocoa.framework */,
				6975F4160B332F1000312509 /* Lablib.framework */,
				69CB695413B6747800582AD4 /* Foundation.framework */,
				69CB695613B6748000582AD4 /* CoreData.framework */,
			);
			name = Frameworks;
			sourceTree = "<group>";
		};
/* End PBXGroup section */

/* Begin PBXHeadersBuildPhase section */
		69A9E3CB0588E51700F6A0DD /* Headers */ = {
			isa = PBXHeadersBuildPhase;
			buildActionMask = 2147483647;
			files = (
				69712D2207E244E10083188B /* DataConvert_Prefix.h in Headers */,
				69712D2B07E244F50083188B /* DataConvert.h in Headers */,
				69AA8A99083F7DFD00DAB812 /* PrintView.h in Headers */,
				69AA8A9A083F7DFD00DAB812 /* InfoView.h in Headers */,
				69AA8A9C083F7DFD00DAB812 /* HexView.h in Headers */,
				69AA8AA0083F7DFD00DAB812 /* DataFile.h in Headers */,
				69AA8AA1083F7DFD00DAB812 /* EventView.h in Headers */,
				69AA8AA2083F7DFD00DAB812 /* DefView.h in Headers */,
				69AA90940841363600DAB812 /* AppController.h in Headers */,
			);
			runOnlyForDeploymentPostprocessing = 0;
		};
/* End PBXHeadersBuildPhase section */

/* Begin PBXNativeTarget section */
		69A9E3CA0588E51700F6A0DD /* DataConvert */ = {
			isa = PBXNativeTarget;
			buildConfigurationList = 69B8D15C088DAC45002FCFD4 /* Build configuration list for PBXNativeTarget "DataConvert" */;
			buildPhases = (
				69A9E3CB0588E51700F6A0DD /* Headers */,
				69A9E3D60588E51700F6A0DD /* Resources */,
				69A9E3DC0588E51800F6A0DD /* Sources */,
				69A9E3E60588E51800F6A0DD /* Frameworks */,
				6971330707E24DAB0083188B /* CopyFiles */,
			);
			buildRules = (
			);
			dependencies = (
			);
			name = DataConvert;
			productInstallPath = "$(HOME)/Applications";
			productName = "Data Inspector";
			productReference = 69A9E3EA0588E51800F6A0DD /* DataConvert.app */;
			productType = "com.apple.product-type.application";
		};
/* End PBXNativeTarget section */

/* Begin PBXProject section */
		2A37F4A9FDCFA73011CA2CEA /* Project object */ = {
			isa = PBXProject;
			buildConfigurationList = 69B8D160088DAC45002FCFD4 /* Build configuration list for PBXProject "DataConvert" */;
			compatibilityVersion = "Xcode 3.0";
			developmentRegion = English;
			hasScannedForEncodings = 1;
			knownRegions = (
				en,
			);
			mainGroup = 2A37F4AAFDCFA73011CA2CEA /* Data Inspector */;
			projectDirPath = "";
			projectRoot = "";
			targets = (
				69A9E3CA0588E51700F6A0DD /* DataConvert */,
			);
		};
/* End PBXProject section */

/* Begin PBXResourcesBuildPhase section */
		69A9E3D60588E51700F6A0DD /* Resources */ = {
			isa = PBXResourcesBuildPhase;
			buildActionMask = 2147483647;
			files = (
				69A9E3D70588E51700F6A0DD /* InfoPlist.strings in Resources */,
				69AA8FC50841282F00DAB812 /* UserDefaults.plist in Resources */,
				698E347208A3CB0500649857 /* ConverterDoc.nib in Resources */,
				698E347508A3CB1C00649857 /* MainMenu.nib in Resources */,
				6973FCED0A43267E00A68677 /* Release Notes.txt in Resources */,
			);
			runOnlyForDeploymentPostprocessing = 0;
		};
/* End PBXResourcesBuildPhase section */

/* Begin PBXSourcesBuildPhase section */
		69A9E3DC0588E51800F6A0DD /* Sources */ = {
			isa = PBXSourcesBuildPhase;
			buildActionMask = 2147483647;
			files = (
				69A9E3E50588E51800F6A0DD /* main.m in Sources */,
				69AA8AAC083F7E0500DAB812 /* HexView.m in Sources */,
				69AA8AAF083F7E0500DAB812 /* PrintView.m in Sources */,
				69AA8AB0083F7E0500DAB812 /* DefView.m in Sources */,
				69AA8AB1083F7E0500DAB812 /* DataFile.m in Sources */,
				69AA8AB2083F7E0500DAB812 /* InfoView.m in Sources */,
				69AA8ADB083F7F2A00DAB812 /* EventView.m in Sources */,
				69AA90920841363300DAB812 /* AppController.m in Sources */,
			);
			runOnlyForDeploymentPostprocessing = 0;
		};
/* End PBXSourcesBuildPhase section */

/* Begin PBXVariantGroup section */
		089C165FFE840EACC02AAC07 /* InfoPlist.strings */ = {
			isa = PBXVariantGroup;
			children = (
				089C1660FE840EACC02AAC07 /* English */,
			);
			name = InfoPlist.strings;
			sourceTree = "<group>";
		};
		698E347008A3CB0500649857 /* ConverterDoc.nib */ = {
			isa = PBXVariantGroup;
			children = (
				698E347108A3CB0500649857 /* English */,
			);
			name = ConverterDoc.nib;
			sourceTree = "<group>";
		};
		698E347308A3CB1C00649857 /* MainMenu.nib */ = {
			isa = PBXVariantGroup;
			children = (
				698E347408A3CB1C00649857 /* English */,
			);
			name = MainMenu.nib;
			sourceTree = "<group>";
		};
/* End PBXVariantGroup section */

/* Begin XCBuildConfiguration section */
		69B8D15D088DAC45002FCFD4 /* Development */ = {
			isa = XCBuildConfiguration;
			buildSettings = {
				COPY_PHASE_STRIP = NO;
				FRAMEWORK_SEARCH_PATHS = (
					"$(SRCROOT)/../../Frameworks/Lablib/build/Development",
					"\"$(SRCROOT)\"",
				);
				GCC_DYNAMIC_NO_PIC = NO;
				GCC_ENABLE_FIX_AND_CONTINUE = YES;
				GCC_GENERATE_DEBUGGING_SYMBOLS = YES;
				GCC_OPTIMIZATION_LEVEL = 0;
				GCC_PRECOMPILE_PREFIX_HEADER = YES;
				GCC_PREFIX_HEADER = DataConvert_Prefix.h;
				GCC_WARN_FOUR_CHARACTER_CONSTANTS = NO;
				GCC_WARN_UNKNOWN_PRAGMAS = NO;
				HEADER_SEARCH_PATHS = "";
				INFOPLIST_FILE = "Info-DataConvert.plist";
				INSTALL_PATH = "$(HOME)/Applications";
				LIBRARY_SEARCH_PATHS = "";
				OTHER_CFLAGS = "";
				OTHER_LDFLAGS = "";
				PRODUCT_NAME = DataConvert;
				SECTORDER_FLAGS = "";
				WARNING_CFLAGS = "-Wmost";
				WRAPPER_EXTENSION = app;
				ZERO_LINK = NO;
			};
			name = Development;
		};
		69B8D15E088DAC45002FCFD4 /* Deployment */ = {
			isa = XCBuildConfiguration;
			buildSettings = {
				COPY_PHASE_STRIP = YES;
				FRAMEWORK_SEARCH_PATHS = (
					/Documents/Lablib/Frameworks/Lablib/build,
					"$(SRCROOT)/../../Frameworks/Lablib/build/Development",
					"\"$(SRCROOT)\"",
				);
				GCC_ENABLE_FIX_AND_CONTINUE = NO;
				GCC_PRECOMPILE_PREFIX_HEADER = YES;
				GCC_PREFIX_HEADER = DataConvert_Prefix.h;
				GCC_WARN_FOUR_CHARACTER_CONSTANTS = NO;
				GCC_WARN_UNKNOWN_PRAGMAS = NO;
				HEADER_SEARCH_PATHS = "";
				INFOPLIST_FILE = "Info-DataConvert.plist";
				INSTALL_PATH = "$(HOME)/Applications";
				LIBRARY_SEARCH_PATHS = "";
				OTHER_CFLAGS = "";
				OTHER_LDFLAGS = "";
				PRODUCT_NAME = DataConvert;
				SECTORDER_FLAGS = "";
				WARNING_CFLAGS = "-Wmost";
				WRAPPER_EXTENSION = app;
				ZERO_LINK = NO;
			};
			name = Deployment;
		};
		69B8D15F088DAC45002FCFD4 /* Default */ = {
			isa = XCBuildConfiguration;
			buildSettings = {
				FRAMEWORK_SEARCH_PATHS = (
					/Documents/Lablib/Frameworks/Lablib/build,
					"$(SRCROOT)/../../Frameworks/Lablib/build/Development",
					"\"$(SRCROOT)\"",
				);
				GCC_PRECOMPILE_PREFIX_HEADER = YES;
				GCC_PREFIX_HEADER = DataConvert_Prefix.h;
				GCC_WARN_FOUR_CHARACTER_CONSTANTS = NO;
				GCC_WARN_UNKNOWN_PRAGMAS = NO;
				HEADER_SEARCH_PATHS = "";
				INFOPLIST_FILE = "Info-DataConvert.plist";
				INSTALL_PATH = "$(HOME)/Applications";
				LIBRARY_SEARCH_PATHS = "";
				OTHER_CFLAGS = "";
				OTHER_LDFLAGS = "";
				PRODUCT_NAME = DataConvert;
				SECTORDER_FLAGS = "";
				WARNING_CFLAGS = "-Wmost";
				WRAPPER_EXTENSION = app;
			};
			name = Default;
		};
		69B8D161088DAC45002FCFD4 /* Development */ = {
			isa = XCBuildConfiguration;
			buildSettings = {
				ARCHS = "$(ARCHS_STANDARD_32_BIT_PRE_XCODE_3_1)";
				ARCHS_STANDARD_32_BIT_PRE_XCODE_3_1 = "ppc i386";
				MACOSX_DEPLOYMENT_TARGET = "";
				PREBINDING = NO;
				SDKROOT = "";
			};
			name = Development;
		};
		69B8D162088DAC45002FCFD4 /* Deployment */ = {
			isa = XCBuildConfiguration;
			buildSettings = {
				ARCHS = "$(ARCHS_STANDARD_32_BIT_PRE_XCODE_3_1)";
				ARCHS_STANDARD_32_BIT_PRE_XCODE_3_1 = "ppc i386";
				MACOSX_DEPLOYMENT_TARGET = "";
				SDKROOT = "";
			};
			name = Deployment;
		};
		69B8D163088DAC45002FCFD4 /* Default */ = {
			isa = XCBuildConfiguration;
			buildSettings = {
				ARCHS = "$(ARCHS_STANDARD_32_BIT_PRE_XCODE_3_1)";
				ARCHS_STANDARD_32_BIT_PRE_XCODE_3_1 = "ppc i386";
				MACOSX_DEPLOYMENT_TARGET = "";
				SDKROOT = "";
			};
			name = Default;
		};
/* End XCBuildConfiguration section */

/* Begin XCConfigurationList section */
		69B8D15C088DAC45002FCFD4 /* Build configuration list for PBXNativeTarget "DataConvert" */ = {
			isa = XCConfigurationList;
			buildConfigurations = (
				69B8D15D088DAC45002FCFD4 /* Development */,
				69B8D15E088DAC45002FCFD4 /* Deployment */,
				69B8D15F088DAC45002FCFD4 /* Default */,
			);
			defaultConfigurationIsVisible = 0;
			defaultConfigurationName = Default;
		};
		69B8D160088DAC45002FCFD4 /* Build configuration list for PBXProject "DataConvert" */ = {
			isa = XCConfigurationList;
			buildConfigurations = (
				69B8D161088DAC45002FCFD4 /* Development */,
				69B8D162088DAC45002FCFD4 /* Deployment */,
				69B8D163088DAC45002FCFD4 /* Default */,
			);
			defaultConfigurationIsVisible = 0;
			defaultConfigurationName = Default;
		};
/* End XCConfigurationList section */
	};
	rootObject = 2A37F4A9FDCFA73011CA2CEA /* Project object */;
}
