// !$*UTF8*$!
{
	archiveVersion = 1;
	classes = {
	};
	objectVersion = 48;
	objects = {

/* Begin PBXBuildFile section */
		6927EA401EB5004D004D90AC /* UserDefaults.plist in Resources */ = {isa = PBXBuildFile; fileRef = 696D8C8A075D683B0057453A /* UserDefaults.plist */; };
		694D0BB2077B5B860025BAA4 /* Knot_Prefix.h in Headers */ = {isa = PBXBuildFile; fileRef = 694D0BB1077B5B860025BAA4 /* Knot_Prefix.h */; };
		694D0BB9077B5B9E0025BAA4 /* Knot.h in Headers */ = {isa = PBXBuildFile; fileRef = 694D0BB8077B5B9E0025BAA4 /* Knot.h */; };
		697B75B91F9A5A9C00E22AF5 /* Lablib.framework in Frameworks */ = {isa = PBXBuildFile; fileRef = 697B75B81F9A5A9C00E22AF5 /* Lablib.framework */; };
		697B75BA1F9A5A9C00E22AF5 /* Lablib.framework in Embed Frameworks */ = {isa = PBXBuildFile; fileRef = 697B75B81F9A5A9C00E22AF5 /* Lablib.framework */; settings = {ATTRIBUTES = (CodeSignOnCopy, RemoveHeadersOnCopy, ); }; };
		697B75BD1F9A5AAF00E22AF5 /* LablibITC18.framework in Embed Frameworks */ = {isa = PBXBuildFile; fileRef = 697B75BB1F9A5AAF00E22AF5 /* LablibITC18.framework */; settings = {ATTRIBUTES = (CodeSignOnCopy, RemoveHeadersOnCopy, ); }; };
		697BC9EC1F9A7A2F005DE82A /* KNAppController.h in Headers */ = {isa = PBXBuildFile; fileRef = 69822BCA044760BB00A80164 /* KNAppController.h */; };
		697BC9ED1F9A7A2F005DE82A /* KNSummaryController.h in Headers */ = {isa = PBXBuildFile; fileRef = 69B9AE720482FBDD00F95509 /* KNSummaryController.h */; };
		697BC9EE1F9A7A2F005DE82A /* Knot_Prefix.h in Headers */ = {isa = PBXBuildFile; fileRef = 694D0BB1077B5B860025BAA4 /* Knot_Prefix.h */; };
		697BC9EF1F9A7A2F005DE82A /* Knot.h in Headers */ = {isa = PBXBuildFile; fileRef = 694D0BB8077B5B9E0025BAA4 /* Knot.h */; };
		697BC9F51F9A7A2F005DE82A /* UserDefaults.plist in Resources */ = {isa = PBXBuildFile; fileRef = 696D8C8A075D683B0057453A /* UserDefaults.plist */; };
		697BC9F61F9A7A2F005DE82A /* Knot.icns in Resources */ = {isa = PBXBuildFile; fileRef = 69FF455C07C8106E0041B08D /* Knot.icns */; };
		697BC9F71F9A7A2F005DE82A /* KnotPlugin.icns in Resources */ = {isa = PBXBuildFile; fileRef = 69DACB3A0A1787EE00B914AA /* KnotPlugin.icns */; };
		697BC9F81F9A7A2F005DE82A /* loud200Hz200msSq.aiff in Resources */ = {isa = PBXBuildFile; fileRef = 699981DD0A8A7B5400101ABF /* loud200Hz200msSq.aiff */; };
		697BC9F91F9A7A2F005DE82A /* shortCorrect.aiff in Resources */ = {isa = PBXBuildFile; fileRef = 699981DE0A8A7B5400101ABF /* shortCorrect.aiff */; };
		697BC9FA1F9A7A2F005DE82A /* MouseWrong.wav in Resources */ = {isa = PBXBuildFile; fileRef = 69EE5FC71E994C2A00BC3787 /* MouseWrong.wav */; };
		697BC9FB1F9A7A2F005DE82A /* MouseCorrect.wav in Resources */ = {isa = PBXBuildFile; fileRef = 69EE5FC31E994C2A00BC3787 /* MouseCorrect.wav */; };
		697BC9FC1F9A7A2F005DE82A /* MouseWaitForLever.wav in Resources */ = {isa = PBXBuildFile; fileRef = 69EE5FC61E994C2A00BC3787 /* MouseWaitForLever.wav */; };
		697BC9FD1F9A7A2F005DE82A /* shortNotCorrect.aiff in Resources */ = {isa = PBXBuildFile; fileRef = 699981DF0A8A7B5400101ABF /* shortNotCorrect.aiff */; };
		697BC9FE1F9A7A2F005DE82A /* 4G.aiff in Resources */ = {isa = PBXBuildFile; fileRef = 69F11F460B1E70260068A6CF /* 4G.aiff */; };
		697BC9FF1F9A7A2F005DE82A /* 5C.aiff in Resources */ = {isa = PBXBuildFile; fileRef = 69F11F480B1E70380068A6CF /* 5C.aiff */; };
		697BCA001F9A7A2F005DE82A /* 5G.aiff in Resources */ = {isa = PBXBuildFile; fileRef = 69F11F490B1E70380068A6CF /* 5G.aiff */; };
		697BCA011F9A7A2F005DE82A /* 6C.aiff in Resources */ = {isa = PBXBuildFile; fileRef = 69F11F4A0B1E70380068A6CF /* 6C.aiff */; };
		697BCA021F9A7A2F005DE82A /* 6G.aiff in Resources */ = {isa = PBXBuildFile; fileRef = 69F11F4B0B1E70380068A6CF /* 6G.aiff */; };
		697BCA031F9A7A2F005DE82A /* 7C.aiff in Resources */ = {isa = PBXBuildFile; fileRef = 69F11F4C0B1E70380068A6CF /* 7C.aiff */; };
		697BCA041F9A7A2F005DE82A /* 7G.aiff in Resources */ = {isa = PBXBuildFile; fileRef = 69F11F4D0B1E70380068A6CF /* 7G.aiff */; };
		697BCA051F9A7A2F005DE82A /* Correct.aiff in Resources */ = {isa = PBXBuildFile; fileRef = 69F11F540B1E70410068A6CF /* Correct.aiff */; };
		697BCA061F9A7A2F005DE82A /* Matlab in Resources */ = {isa = PBXBuildFile; fileRef = 69C346DA1EE3593B00C278F8 /* Matlab */; };
		697BCA071F9A7A2F005DE82A /* MouseLeverDown.wav in Resources */ = {isa = PBXBuildFile; fileRef = 69EE5FC51E994C2A00BC3787 /* MouseLeverDown.wav */; };
		697BCA081F9A7A2F005DE82A /* MouseFailed.wav in Resources */ = {isa = PBXBuildFile; fileRef = 69EE5FC41E994C2A00BC3787 /* MouseFailed.wav */; };
		697BCA091F9A7A2F005DE82A /* Wrong.aiff in Resources */ = {isa = PBXBuildFile; fileRef = 69F11F560B1E704A0068A6CF /* Wrong.aiff */; };
		697BCA0A1F9A7A2F005DE82A /* 200Hz100msSq.aiff in Resources */ = {isa = PBXBuildFile; fileRef = 69E3C29C0C4ABF1A003C6763 /* 200Hz100msSq.aiff */; };
		697BCA0D1F9A7A2F005DE82A /* main.m in Sources */ = {isa = PBXBuildFile; fileRef = 29B97316FDCFA39411CA2CEA /* main.m */; settings = {ATTRIBUTES = (); }; };
		697BCA0E1F9A7A2F005DE82A /* KNAppController.m in Sources */ = {isa = PBXBuildFile; fileRef = 69822BCB044760BB00A80164 /* KNAppController.m */; };
		697BCA0F1F9A7A2F005DE82A /* KNSummaryController.m in Sources */ = {isa = PBXBuildFile; fileRef = 69B9AE730482FBDD00F95509 /* KNSummaryController.m */; };
		697BCA111F9A7A2F005DE82A /* LablibITC18.framework in Frameworks */ = {isa = PBXBuildFile; fileRef = 697B75BB1F9A5AAF00E22AF5 /* LablibITC18.framework */; };
		697BCA131F9A7A2F005DE82A /* Cocoa.framework in Frameworks */ = {isa = PBXBuildFile; fileRef = 1058C7A1FEA54F0111CA2CBB /* Cocoa.framework */; };
		697BCA141F9A7A2F005DE82A /* OpenGL.framework in Frameworks */ = {isa = PBXBuildFile; fileRef = E7A443DD0132ED6B0ACA2124 /* OpenGL.framework */; };
		697BCA151F9A7A2F005DE82A /* Lablib.framework in Frameworks */ = {isa = PBXBuildFile; fileRef = 697B75B81F9A5A9C00E22AF5 /* Lablib.framework */; };
		697BCA171F9A7A2F005DE82A /* LablibITC18.framework in Embed Frameworks */ = {isa = PBXBuildFile; fileRef = 697B75BB1F9A5AAF00E22AF5 /* LablibITC18.framework */; settings = {ATTRIBUTES = (CodeSignOnCopy, RemoveHeadersOnCopy, ); }; };
		697BCA191F9A7A2F005DE82A /* Lablib.framework in Embed Frameworks */ = {isa = PBXBuildFile; fileRef = 697B75B81F9A5A9C00E22AF5 /* Lablib.framework */; settings = {ATTRIBUTES = (CodeSignOnCopy, RemoveHeadersOnCopy, ); }; };
		697BCA241F9A85AC005DE82A /* LablibITC18.framework in Frameworks */ = {isa = PBXBuildFile; fileRef = 697B75BB1F9A5AAF00E22AF5 /* LablibITC18.framework */; };
		697BCA261F9A85C4005DE82A /* LablibMatlab.framework in Frameworks */ = {isa = PBXBuildFile; fileRef = 697BCA251F9A85C3005DE82A /* LablibMatlab.framework */; };
		697BCA271F9A85C4005DE82A /* LablibMatlab.framework in Embed Frameworks */ = {isa = PBXBuildFile; fileRef = 697BCA251F9A85C3005DE82A /* LablibMatlab.framework */; settings = {ATTRIBUTES = (CodeSignOnCopy, RemoveHeadersOnCopy, ); }; };
		699981E50A8A7B5400101ABF /* loud200Hz200msSq.aiff in Resources */ = {isa = PBXBuildFile; fileRef = 699981DD0A8A7B5400101ABF /* loud200Hz200msSq.aiff */; };
		699981E60A8A7B5400101ABF /* shortCorrect.aiff in Resources */ = {isa = PBXBuildFile; fileRef = 699981DE0A8A7B5400101ABF /* shortCorrect.aiff */; };
		699981E70A8A7B5400101ABF /* shortNotCorrect.aiff in Resources */ = {isa = PBXBuildFile; fileRef = 699981DF0A8A7B5400101ABF /* shortNotCorrect.aiff */; };
		69A4A16D1FCA18B4002F6F8C /* KNSummaryController.xib in Resources */ = {isa = PBXBuildFile; fileRef = 69A4A1691FCA18B3002F6F8C /* KNSummaryController.xib */; };
		69A4A16E1FCA18B4002F6F8C /* KNSummaryController.xib in Resources */ = {isa = PBXBuildFile; fileRef = 69A4A1691FCA18B3002F6F8C /* KNSummaryController.xib */; };
		69A4A16F1FCA18B4002F6F8C /* MainMenu.xib in Resources */ = {isa = PBXBuildFile; fileRef = 69A4A16B1FCA18B3002F6F8C /* MainMenu.xib */; };
		69A4A1701FCA18B4002F6F8C /* MainMenu.xib in Resources */ = {isa = PBXBuildFile; fileRef = 69A4A16B1FCA18B3002F6F8C /* MainMenu.xib */; };
		69A4A1751FCA18F8002F6F8C /* InfoPlist.strings in Resources */ = {isa = PBXBuildFile; fileRef = 69A4A1731FCA18F8002F6F8C /* InfoPlist.strings */; };
		69A4A1761FCA18F8002F6F8C /* InfoPlist.strings in Resources */ = {isa = PBXBuildFile; fileRef = 69A4A1731FCA18F8002F6F8C /* InfoPlist.strings */; };
		69B1234420328F980064A57C /* 200Hz300msSq.aiff in Resources */ = {isa = PBXBuildFile; fileRef = 69B1234020328F960064A57C /* 200Hz300msSq.aiff */; };
		69B1234520328F980064A57C /* 200Hz200msSq.aiff in Resources */ = {isa = PBXBuildFile; fileRef = 69B1234120328F970064A57C /* 200Hz200msSq.aiff */; };
		69B1234620328F980064A57C /* 200Hz500msSq.aiff in Resources */ = {isa = PBXBuildFile; fileRef = 69B1234220328F970064A57C /* 200Hz500msSq.aiff */; };
		69B1234720328F980064A57C /* 200Hz400msSq.aiff in Resources */ = {isa = PBXBuildFile; fileRef = 69B1234320328F970064A57C /* 200Hz400msSq.aiff */; };
		69C346DB1EE3593B00C278F8 /* Matlab in Resources */ = {isa = PBXBuildFile; fileRef = 69C346DA1EE3593B00C278F8 /* Matlab */; };
		69DACB3B0A1787EE00B914AA /* KnotPlugin.icns in Resources */ = {isa = PBXBuildFile; fileRef = 69DACB3A0A1787EE00B914AA /* KnotPlugin.icns */; };
		69E3C29D0C4ABF1A003C6763 /* 200Hz100msSq.aiff in Resources */ = {isa = PBXBuildFile; fileRef = 69E3C29C0C4ABF1A003C6763 /* 200Hz100msSq.aiff */; };
		69EE5FC81E994C2A00BC3787 /* MouseCorrect.wav in Resources */ = {isa = PBXBuildFile; fileRef = 69EE5FC31E994C2A00BC3787 /* MouseCorrect.wav */; };
		69EE5FC91E994C2A00BC3787 /* MouseFailed.wav in Resources */ = {isa = PBXBuildFile; fileRef = 69EE5FC41E994C2A00BC3787 /* MouseFailed.wav */; };
		69EE5FCA1E994C2A00BC3787 /* MouseLeverDown.wav in Resources */ = {isa = PBXBuildFile; fileRef = 69EE5FC51E994C2A00BC3787 /* MouseLeverDown.wav */; };
		69EE5FCB1E994C2A00BC3787 /* MouseWaitForLever.wav in Resources */ = {isa = PBXBuildFile; fileRef = 69EE5FC61E994C2A00BC3787 /* MouseWaitForLever.wav */; };
		69EE5FCC1E994C2A00BC3787 /* MouseWrong.wav in Resources */ = {isa = PBXBuildFile; fileRef = 69EE5FC71E994C2A00BC3787 /* MouseWrong.wav */; };
		69F11F470B1E70260068A6CF /* 4G.aiff in Resources */ = {isa = PBXBuildFile; fileRef = 69F11F460B1E70260068A6CF /* 4G.aiff */; };
		69F11F4E0B1E70380068A6CF /* 5C.aiff in Resources */ = {isa = PBXBuildFile; fileRef = 69F11F480B1E70380068A6CF /* 5C.aiff */; };
		69F11F4F0B1E70380068A6CF /* 5G.aiff in Resources */ = {isa = PBXBuildFile; fileRef = 69F11F490B1E70380068A6CF /* 5G.aiff */; };
		69F11F500B1E70380068A6CF /* 6C.aiff in Resources */ = {isa = PBXBuildFile; fileRef = 69F11F4A0B1E70380068A6CF /* 6C.aiff */; };
		69F11F510B1E70380068A6CF /* 6G.aiff in Resources */ = {isa = PBXBuildFile; fileRef = 69F11F4B0B1E70380068A6CF /* 6G.aiff */; };
		69F11F520B1E70380068A6CF /* 7C.aiff in Resources */ = {isa = PBXBuildFile; fileRef = 69F11F4C0B1E70380068A6CF /* 7C.aiff */; };
		69F11F530B1E70380068A6CF /* 7G.aiff in Resources */ = {isa = PBXBuildFile; fileRef = 69F11F4D0B1E70380068A6CF /* 7G.aiff */; };
		69F11F550B1E70410068A6CF /* Correct.aiff in Resources */ = {isa = PBXBuildFile; fileRef = 69F11F540B1E70410068A6CF /* Correct.aiff */; };
		69F11F570B1E704A0068A6CF /* Wrong.aiff in Resources */ = {isa = PBXBuildFile; fileRef = 69F11F560B1E704A0068A6CF /* Wrong.aiff */; };
		69F36A7605670A9A009AED51 /* KNAppController.h in Headers */ = {isa = PBXBuildFile; fileRef = 69822BCA044760BB00A80164 /* KNAppController.h */; };
		69F36A7E05670A9A009AED51 /* KNSummaryController.h in Headers */ = {isa = PBXBuildFile; fileRef = 69B9AE720482FBDD00F95509 /* KNSummaryController.h */; };
		69F36AA705670A9A009AED51 /* main.m in Sources */ = {isa = PBXBuildFile; fileRef = 29B97316FDCFA39411CA2CEA /* main.m */; settings = {ATTRIBUTES = (); }; };
		69F36AAA05670A9A009AED51 /* KNAppController.m in Sources */ = {isa = PBXBuildFile; fileRef = 69822BCB044760BB00A80164 /* KNAppController.m */; };
		69F36AB205670A9A009AED51 /* KNSummaryController.m in Sources */ = {isa = PBXBuildFile; fileRef = 69B9AE730482FBDD00F95509 /* KNSummaryController.m */; };
		69F36AC405670A9A009AED51 /* Cocoa.framework in Frameworks */ = {isa = PBXBuildFile; fileRef = 1058C7A1FEA54F0111CA2CBB /* Cocoa.framework */; };
		69F36AC505670A9A009AED51 /* OpenGL.framework in Frameworks */ = {isa = PBXBuildFile; fileRef = E7A443DD0132ED6B0ACA2124 /* OpenGL.framework */; };
		69FF455D07C8106E0041B08D /* Knot.icns in Resources */ = {isa = PBXBuildFile; fileRef = 69FF455C07C8106E0041B08D /* Knot.icns */; };
/* End PBXBuildFile section */

/* Begin PBXCopyFilesBuildPhase section */
		697B75A51F9A598D00E22AF5 /* Embed Frameworks */ = {
			isa = PBXCopyFilesBuildPhase;
			buildActionMask = 2147483647;
			dstPath = "";
			dstSubfolderSpec = 10;
			files = (
				697B75BD1F9A5AAF00E22AF5 /* LablibITC18.framework in Embed Frameworks */,
				697BCA271F9A85C4005DE82A /* LablibMatlab.framework in Embed Frameworks */,
				697B75BA1F9A5A9C00E22AF5 /* Lablib.framework in Embed Frameworks */,
			);
			name = "Embed Frameworks";
			runOnlyForDeploymentPostprocessing = 0;
		};
		697BCA161F9A7A2F005DE82A /* Embed Frameworks */ = {
			isa = PBXCopyFilesBuildPhase;
			buildActionMask = 2147483647;
			dstPath = "";
			dstSubfolderSpec = 10;
			files = (
				697BCA171F9A7A2F005DE82A /* LablibITC18.framework in Embed Frameworks */,
				697BCA191F9A7A2F005DE82A /* Lablib.framework in Embed Frameworks */,
			);
			name = "Embed Frameworks";
			runOnlyForDeploymentPostprocessing = 0;
		};
/* End PBXCopyFilesBuildPhase section */

/* Begin PBXFileReference section */
		1058C7A1FEA54F0111CA2CBB /* Cocoa.framework */ = {isa = PBXFileReference; lastKnownFileType = wrapper.framework; name = Cocoa.framework; path = /System/Library/Frameworks/Cocoa.framework; sourceTree = "<absolute>"; };
		29B97316FDCFA39411CA2CEA /* main.m */ = {isa = PBXFileReference; fileEncoding = 30; lastKnownFileType = sourcecode.c.objc; path = main.m; sourceTree = "<group>"; };
		29B97324FDCFA39411CA2CEA /* AppKit.framework */ = {isa = PBXFileReference; lastKnownFileType = wrapper.framework; name = AppKit.framework; path = /System/Library/Frameworks/AppKit.framework; sourceTree = "<absolute>"; };
		29B97325FDCFA39411CA2CEA /* Foundation.framework */ = {isa = PBXFileReference; lastKnownFileType = wrapper.framework; name = Foundation.framework; path = /System/Library/Frameworks/Foundation.framework; sourceTree = "<absolute>"; };
		694D0BB1077B5B860025BAA4 /* Knot_Prefix.h */ = {isa = PBXFileReference; fileEncoding = 30; lastKnownFileType = sourcecode.c.h; path = Knot_Prefix.h; sourceTree = "<group>"; };
		694D0BB8077B5B9E0025BAA4 /* Knot.h */ = {isa = PBXFileReference; fileEncoding = 30; lastKnownFileType = sourcecode.c.h; path = Knot.h; sourceTree = "<group>"; };
		694D0BCB077B5BE90025BAA4 /* Info.plist */ = {isa = PBXFileReference; fileEncoding = 30; lastKnownFileType = text.plist.xml; path = Info.plist; sourceTree = SOURCE_ROOT; };
		694D17D5077C62B60025BAA4 /* Knot.app */ = {isa = PBXFileReference; explicitFileType = wrapper.application; includeInIndex = 0; path = Knot.app; sourceTree = BUILT_PRODUCTS_DIR; };
		6968EA58059DDD1900E33065 /* Notes.txt */ = {isa = PBXFileReference; fileEncoding = 4; lastKnownFileType = text; path = Notes.txt; sourceTree = "<group>"; };
		696A9CD41F95529A00C6527B /* AllApps.xcconfig */ = {isa = PBXFileReference; fileEncoding = 4; lastKnownFileType = text.xcconfig; name = AllApps.xcconfig; path = ../AllApps.xcconfig; sourceTree = "<group>"; };
		696A9CD61F9552A800C6527B /* AllProjects.xcconfig */ = {isa = PBXFileReference; fileEncoding = 4; lastKnownFileType = text.xcconfig; name = AllProjects.xcconfig; path = ../../AllProjects.xcconfig; sourceTree = "<group>"; };
		696D8C8A075D683B0057453A /* UserDefaults.plist */ = {isa = PBXFileReference; fileEncoding = 30; lastKnownFileType = text.plist.xml; path = UserDefaults.plist; sourceTree = SOURCE_ROOT; };
		697B75B81F9A5A9C00E22AF5 /* Lablib.framework */ = {isa = PBXFileReference; lastKnownFileType = wrapper.framework; name = Lablib.framework; path = ../../Frameworks/Lablib/build/Development/Lablib.framework; sourceTree = "<group>"; };
		697B75BB1F9A5AAF00E22AF5 /* LablibITC18.framework */ = {isa = PBXFileReference; lastKnownFileType = wrapper.framework; name = LablibITC18.framework; path = ../../Frameworks/LablibITC18/build/Development/LablibITC18.framework; sourceTree = "<group>"; };
		697BCA1E1F9A7A2F005DE82A /* Knot.app */ = {isa = PBXFileReference; explicitFileType = wrapper.application; includeInIndex = 0; path = Knot.app; sourceTree = BUILT_PRODUCTS_DIR; };
		697BCA201F9A7DE2005DE82A /* AllAppsNoMatlab.xcconfig */ = {isa = PBXFileReference; fileEncoding = 4; lastKnownFileType = text.xcconfig; name = AllAppsNoMatlab.xcconfig; path = ../AllAppsNoMatlab.xcconfig; sourceTree = "<group>"; };
		697BCA251F9A85C3005DE82A /* LablibMatlab.framework */ = {isa = PBXFileReference; lastKnownFileType = wrapper.framework; name = LablibMatlab.framework; path = ../../Frameworks/LablibMatlab/build/Debug/LablibMatlab.framework; sourceTree = "<group>"; };
		69822BCA044760BB00A80164 /* KNAppController.h */ = {isa = PBXFileReference; fileEncoding = 4; lastKnownFileType = sourcecode.c.h; path = KNAppController.h; sourceTree = "<group>"; };
		69822BCB044760BB00A80164 /* KNAppController.m */ = {isa = PBXFileReference; fileEncoding = 4; lastKnownFileType = sourcecode.c.objc; path = KNAppController.m; sourceTree = "<group>"; };
		699981DD0A8A7B5400101ABF /* loud200Hz200msSq.aiff */ = {isa = PBXFileReference; lastKnownFileType = audio.aiff; name = loud200Hz200msSq.aiff; path = ../../Resources/Sounds/loud200Hz200msSq.aiff; sourceTree = SOURCE_ROOT; };
		699981DE0A8A7B5400101ABF /* shortCorrect.aiff */ = {isa = PBXFileReference; lastKnownFileType = audio.aiff; name = shortCorrect.aiff; path = ../../Resources/Sounds/shortCorrect.aiff; sourceTree = SOURCE_ROOT; };
		699981DF0A8A7B5400101ABF /* shortNotCorrect.aiff */ = {isa = PBXFileReference; lastKnownFileType = audio.aiff; name = shortNotCorrect.aiff; path = ../../Resources/Sounds/shortNotCorrect.aiff; sourceTree = SOURCE_ROOT; };
		69A4A1711FCA18C7002F6F8C /* Base */ = {isa = PBXFileReference; lastKnownFileType = file.xib; name = Base; path = Base.lproj/KNSummaryController.xib; sourceTree = "<group>"; };
		69A4A1721FCA18C7002F6F8C /* Base */ = {isa = PBXFileReference; lastKnownFileType = file.xib; name = Base; path = Base.lproj/MainMenu.xib; sourceTree = "<group>"; };
		69A4A1741FCA18F8002F6F8C /* Base */ = {isa = PBXFileReference; fileEncoding = 10; lastKnownFileType = text.plist.strings; name = Base; path = Base.lproj/InfoPlist.strings; sourceTree = "<group>"; };
		69B1234020328F960064A57C /* 200Hz300msSq.aiff */ = {isa = PBXFileReference; lastKnownFileType = audio.aiff; name = 200Hz300msSq.aiff; path = ../../Resources/Sounds/200Hz300msSq.aiff; sourceTree = "<group>"; };
		69B1234120328F970064A57C /* 200Hz200msSq.aiff */ = {isa = PBXFileReference; lastKnownFileType = audio.aiff; name = 200Hz200msSq.aiff; path = ../../Resources/Sounds/200Hz200msSq.aiff; sourceTree = "<group>"; };
		69B1234220328F970064A57C /* 200Hz500msSq.aiff */ = {isa = PBXFileReference; lastKnownFileType = audio.aiff; name = 200Hz500msSq.aiff; path = ../../Resources/Sounds/200Hz500msSq.aiff; sourceTree = "<group>"; };
		69B1234320328F970064A57C /* 200Hz400msSq.aiff */ = {isa = PBXFileReference; lastKnownFileType = audio.aiff; name = 200Hz400msSq.aiff; path = ../../Resources/Sounds/200Hz400msSq.aiff; sourceTree = "<group>"; };
		69B9AE720482FBDD00F95509 /* KNSummaryController.h */ = {isa = PBXFileReference; fileEncoding = 30; lastKnownFileType = sourcecode.c.h; path = KNSummaryController.h; sourceTree = "<group>"; };
		69B9AE730482FBDD00F95509 /* KNSummaryController.m */ = {isa = PBXFileReference; fileEncoding = 30; lastKnownFileType = sourcecode.c.objc; path = KNSummaryController.m; sourceTree = "<group>"; };
		69C346DA1EE3593B00C278F8 /* Matlab */ = {isa = PBXFileReference; lastKnownFileType = folder; path = Matlab; sourceTree = "<group>"; };
		69DACB3A0A1787EE00B914AA /* KnotPlugin.icns */ = {isa = PBXFileReference; lastKnownFileType = image.icns; path = KnotPlugin.icns; sourceTree = "<group>"; };
		69E3C29C0C4ABF1A003C6763 /* 200Hz100msSq.aiff */ = {isa = PBXFileReference; lastKnownFileType = audio.aiff; name = 200Hz100msSq.aiff; path = ../../Resources/Sounds/200Hz100msSq.aiff; sourceTree = SOURCE_ROOT; };
		69EE5FC31E994C2A00BC3787 /* MouseCorrect.wav */ = {isa = PBXFileReference; lastKnownFileType = audio.wav; path = MouseCorrect.wav; sourceTree = "<group>"; };
		69EE5FC41E994C2A00BC3787 /* MouseFailed.wav */ = {isa = PBXFileReference; lastKnownFileType = audio.wav; path = MouseFailed.wav; sourceTree = "<group>"; };
		69EE5FC51E994C2A00BC3787 /* MouseLeverDown.wav */ = {isa = PBXFileReference; lastKnownFileType = audio.wav; path = MouseLeverDown.wav; sourceTree = "<group>"; };
		69EE5FC61E994C2A00BC3787 /* MouseWaitForLever.wav */ = {isa = PBXFileReference; lastKnownFileType = audio.wav; path = MouseWaitForLever.wav; sourceTree = "<group>"; };
		69EE5FC71E994C2A00BC3787 /* MouseWrong.wav */ = {isa = PBXFileReference; lastKnownFileType = audio.wav; path = MouseWrong.wav; sourceTree = "<group>"; };
		69F11F460B1E70260068A6CF /* 4G.aiff */ = {isa = PBXFileReference; lastKnownFileType = audio.aiff; name = 4G.aiff; path = ../../Resources/Sounds/4G.aiff; sourceTree = SOURCE_ROOT; };
		69F11F480B1E70380068A6CF /* 5C.aiff */ = {isa = PBXFileReference; lastKnownFileType = audio.aiff; name = 5C.aiff; path = ../../Resources/Sounds/5C.aiff; sourceTree = SOURCE_ROOT; };
		69F11F490B1E70380068A6CF /* 5G.aiff */ = {isa = PBXFileReference; lastKnownFileType = audio.aiff; name = 5G.aiff; path = ../../Resources/Sounds/5G.aiff; sourceTree = SOURCE_ROOT; };
		69F11F4A0B1E70380068A6CF /* 6C.aiff */ = {isa = PBXFileReference; lastKnownFileType = audio.aiff; name = 6C.aiff; path = ../../Resources/Sounds/6C.aiff; sourceTree = SOURCE_ROOT; };
		69F11F4B0B1E70380068A6CF /* 6G.aiff */ = {isa = PBXFileReference; lastKnownFileType = audio.aiff; name = 6G.aiff; path = ../../Resources/Sounds/6G.aiff; sourceTree = SOURCE_ROOT; };
		69F11F4C0B1E70380068A6CF /* 7C.aiff */ = {isa = PBXFileReference; lastKnownFileType = audio.aiff; name = 7C.aiff; path = ../../Resources/Sounds/7C.aiff; sourceTree = SOURCE_ROOT; };
		69F11F4D0B1E70380068A6CF /* 7G.aiff */ = {isa = PBXFileReference; lastKnownFileType = audio.aiff; name = 7G.aiff; path = ../../Resources/Sounds/7G.aiff; sourceTree = SOURCE_ROOT; };
		69F11F540B1E70410068A6CF /* Correct.aiff */ = {isa = PBXFileReference; lastKnownFileType = audio.aiff; name = Correct.aiff; path = ../../Resources/Sounds/Correct.aiff; sourceTree = SOURCE_ROOT; };
		69F11F560B1E704A0068A6CF /* Wrong.aiff */ = {isa = PBXFileReference; lastKnownFileType = audio.aiff; name = Wrong.aiff; path = ../../Resources/Sounds/Wrong.aiff; sourceTree = SOURCE_ROOT; };
		69FF455C07C8106E0041B08D /* Knot.icns */ = {isa = PBXFileReference; lastKnownFileType = image.icns; path = Knot.icns; sourceTree = "<group>"; };
		E7A443DD0132ED6B0ACA2124 /* OpenGL.framework */ = {isa = PBXFileReference; lastKnownFileType = wrapper.framework; name = OpenGL.framework; path = /System/Library/Frameworks/OpenGL.framework; sourceTree = "<absolute>"; };
/* End PBXFileReference section */

/* Begin PBXFrameworksBuildPhase section */
		697BCA101F9A7A2F005DE82A /* Frameworks */ = {
			isa = PBXFrameworksBuildPhase;
			buildActionMask = 2147483647;
			files = (
				697BCA111F9A7A2F005DE82A /* LablibITC18.framework in Frameworks */,
				697BCA131F9A7A2F005DE82A /* Cocoa.framework in Frameworks */,
				697BCA141F9A7A2F005DE82A /* OpenGL.framework in Frameworks */,
				697BCA151F9A7A2F005DE82A /* Lablib.framework in Frameworks */,
			);
			runOnlyForDeploymentPostprocessing = 0;
		};
		69F36AC305670A9A009AED51 /* Frameworks */ = {
			isa = PBXFrameworksBuildPhase;
			buildActionMask = 2147483647;
			files = (
				697BCA241F9A85AC005DE82A /* LablibITC18.framework in Frameworks */,
				697BCA261F9A85C4005DE82A /* LablibMatlab.framework in Frameworks */,
				69F36AC405670A9A009AED51 /* Cocoa.framework in Frameworks */,
				69F36AC505670A9A009AED51 /* OpenGL.framework in Frameworks */,
				697B75B91F9A5A9C00E22AF5 /* Lablib.framework in Frameworks */,
			);
			runOnlyForDeploymentPostprocessing = 0;
		};
/* End PBXFrameworksBuildPhase section */

/* Begin PBXGroup section */
		080E96DDFE201D6D7F000001 /* Classes */ = {
			isa = PBXGroup;
			children = (
				69822BCA044760BB00A80164 /* KNAppController.h */,
				69822BCB044760BB00A80164 /* KNAppController.m */,
				69B9AE720482FBDD00F95509 /* KNSummaryController.h */,
				69B9AE730482FBDD00F95509 /* KNSummaryController.m */,
			);
			name = Classes;
			sourceTree = "<group>";
		};
		19C28FACFE9D520D11CA2CBB /* Products */ = {
			isa = PBXGroup;
			children = (
				694D17D5077C62B60025BAA4 /* Knot.app */,
				697BCA1E1F9A7A2F005DE82A /* Knot.app */,
			);
			name = Products;
			sourceTree = "<group>";
		};
		29B97314FDCFA39411CA2CEA /* terstes */ = {
			isa = PBXGroup;
			children = (
				6968EA58059DDD1900E33065 /* Notes.txt */,
				696A9CD31F95528600C6527B /* External Configurations */,
				080E96DDFE201D6D7F000001 /* Classes */,
				29B97315FDCFA39411CA2CEA /* Other Sources */,
				29B97317FDCFA39411CA2CEA /* Resources */,
				696D3830059E19990018E5D5 /* Plists */,
				29B97323FDCFA39411CA2CEA /* Frameworks */,
				19C28FACFE9D520D11CA2CBB /* Products */,
			);
			name = terstes;
			sourceTree = "<group>";
		};
		29B97315FDCFA39411CA2CEA /* Other Sources */ = {
			isa = PBXGroup;
			children = (
				694D0BB8077B5B9E0025BAA4 /* Knot.h */,
				694D0BB1077B5B860025BAA4 /* Knot_Prefix.h */,
				29B97316FDCFA39411CA2CEA /* main.m */,
			);
			name = "Other Sources";
			sourceTree = "<group>";
		};
		29B97317FDCFA39411CA2CEA /* Resources */ = {
			isa = PBXGroup;
			children = (
				69A4A16B1FCA18B3002F6F8C /* MainMenu.xib */,
				69DACB3A0A1787EE00B914AA /* KnotPlugin.icns */,
				69FF455C07C8106E0041B08D /* Knot.icns */,
				69A4A1731FCA18F8002F6F8C /* InfoPlist.strings */,
				69A4A1691FCA18B3002F6F8C /* KNSummaryController.xib */,
				69C346DA1EE3593B00C278F8 /* Matlab */,
				69EE5FC21E993B9800BC3787 /* Sounds */,
			);
			name = Resources;
			sourceTree = "<group>";
		};
		29B97323FDCFA39411CA2CEA /* Frameworks */ = {
			isa = PBXGroup;
			children = (
				697BCA251F9A85C3005DE82A /* LablibMatlab.framework */,
				697B75BB1F9A5AAF00E22AF5 /* LablibITC18.framework */,
				697B75B81F9A5A9C00E22AF5 /* Lablib.framework */,
				29B97324FDCFA39411CA2CEA /* AppKit.framework */,
				1058C7A1FEA54F0111CA2CBB /* Cocoa.framework */,
				29B97325FDCFA39411CA2CEA /* Foundation.framework */,
				E7A443DD0132ED6B0ACA2124 /* OpenGL.framework */,
			);
			name = Frameworks;
			sourceTree = "<group>";
		};
		696A9CD31F95528600C6527B /* External Configurations */ = {
			isa = PBXGroup;
			children = (
				696A9CD61F9552A800C6527B /* AllProjects.xcconfig */,
				696A9CD41F95529A00C6527B /* AllApps.xcconfig */,
				697BCA201F9A7DE2005DE82A /* AllAppsNoMatlab.xcconfig */,
			);
			name = "External Configurations";
			sourceTree = "<group>";
		};
		696D3830059E19990018E5D5 /* Plists */ = {
			isa = PBXGroup;
			children = (
				696D8C8A075D683B0057453A /* UserDefaults.plist */,
				694D0BCB077B5BE90025BAA4 /* Info.plist */,
			);
			name = Plists;
			path = Sounds;
			sourceTree = "<group>";
		};
		69EE5FC21E993B9800BC3787 /* Sounds */ = {
			isa = PBXGroup;
			children = (
				69F11F460B1E70260068A6CF /* 4G.aiff */,
				69F11F480B1E70380068A6CF /* 5C.aiff */,
				69F11F490B1E70380068A6CF /* 5G.aiff */,
				69F11F4A0B1E70380068A6CF /* 6C.aiff */,
				69F11F4B0B1E70380068A6CF /* 6G.aiff */,
				69F11F4C0B1E70380068A6CF /* 7C.aiff */,
				69F11F4D0B1E70380068A6CF /* 7G.aiff */,
				69E3C29C0C4ABF1A003C6763 /* 200Hz100msSq.aiff */,
				69B1234120328F970064A57C /* 200Hz200msSq.aiff */,
				69B1234020328F960064A57C /* 200Hz300msSq.aiff */,
				69B1234320328F970064A57C /* 200Hz400msSq.aiff */,
				69B1234220328F970064A57C /* 200Hz500msSq.aiff */,
				69F11F540B1E70410068A6CF /* Correct.aiff */,
				699981DD0A8A7B5400101ABF /* loud200Hz200msSq.aiff */,
				69EE5FC31E994C2A00BC3787 /* MouseCorrect.wav */,
				69EE5FC41E994C2A00BC3787 /* MouseFailed.wav */,
				69EE5FC51E994C2A00BC3787 /* MouseLeverDown.wav */,
				69EE5FC61E994C2A00BC3787 /* MouseWaitForLever.wav */,
				69EE5FC71E994C2A00BC3787 /* MouseWrong.wav */,
				699981DE0A8A7B5400101ABF /* shortCorrect.aiff */,
				699981DF0A8A7B5400101ABF /* shortNotCorrect.aiff */,
				69F11F560B1E704A0068A6CF /* Wrong.aiff */,
			);
			name = Sounds;
			sourceTree = "<group>";
		};
/* End PBXGroup section */

/* Begin PBXHeadersBuildPhase section */
		697BC9EB1F9A7A2F005DE82A /* Headers */ = {
			isa = PBXHeadersBuildPhase;
			buildActionMask = 2147483647;
			files = (
				697BC9EC1F9A7A2F005DE82A /* KNAppController.h in Headers */,
				697BC9ED1F9A7A2F005DE82A /* KNSummaryController.h in Headers */,
				697BC9EE1F9A7A2F005DE82A /* Knot_Prefix.h in Headers */,
				697BC9EF1F9A7A2F005DE82A /* Knot.h in Headers */,
			);
			runOnlyForDeploymentPostprocessing = 0;
		};
		69F36A7305670A9A009AED51 /* Headers */ = {
			isa = PBXHeadersBuildPhase;
			buildActionMask = 2147483647;
			files = (
				69F36A7605670A9A009AED51 /* KNAppController.h in Headers */,
				69F36A7E05670A9A009AED51 /* KNSummaryController.h in Headers */,
				694D0BB2077B5B860025BAA4 /* Knot_Prefix.h in Headers */,
				694D0BB9077B5B9E0025BAA4 /* Knot.h in Headers */,
			);
			runOnlyForDeploymentPostprocessing = 0;
		};
/* End PBXHeadersBuildPhase section */

/* Begin PBXNativeTarget section */
		697BC9EA1F9A7A2F005DE82A /* Knot No Matlab */ = {
			isa = PBXNativeTarget;
			buildConfigurationList = 697BCA1A1F9A7A2F005DE82A /* Build configuration list for PBXNativeTarget "Knot No Matlab" */;
			buildPhases = (
				697BC9EB1F9A7A2F005DE82A /* Headers */,
				697BC9F01F9A7A2F005DE82A /* Resources */,
				697BCA0C1F9A7A2F005DE82A /* Sources */,
				697BCA101F9A7A2F005DE82A /* Frameworks */,
				697BCA161F9A7A2F005DE82A /* Embed Frameworks */,
			);
			buildRules = (
			);
			dependencies = (
			);
			name = "Knot No Matlab";
			productInstallPath = "$(HOME)/Applications";
			productName = terstes;
			productReference = 697BCA1E1F9A7A2F005DE82A /* Knot.app */;
			productType = "com.apple.product-type.application";
		};
		69F36A7205670A9A009AED51 /* Knot */ = {
			isa = PBXNativeTarget;
			buildConfigurationList = 69CA1DE9088DA56D00D7ADEE /* Build configuration list for PBXNativeTarget "Knot" */;
			buildPhases = (
				69F36A7305670A9A009AED51 /* Headers */,
				69F36A9105670A9A009AED51 /* Resources */,
				69F36AA605670A9A009AED51 /* Sources */,
				69F36AC305670A9A009AED51 /* Frameworks */,
				697B75A51F9A598D00E22AF5 /* Embed Frameworks */,
			);
			buildRules = (
			);
			dependencies = (
			);
			name = Knot;
			productInstallPath = "$(HOME)/Applications";
			productName = terstes;
			productReference = 694D17D5077C62B60025BAA4 /* Knot.app */;
			productType = "com.apple.product-type.application";
		};
/* End PBXNativeTarget section */

/* Begin PBXProject section */
		29B97313FDCFA39411CA2CEA /* Project object */ = {
			isa = PBXProject;
			attributes = {
				LastUpgradeCheck = 1160;
				TargetAttributes = {
					697BC9EA1F9A7A2F005DE82A = {
						ProvisioningStyle = Automatic;
					};
					69F36A7205670A9A009AED51 = {
						ProvisioningStyle = Manual;
						SystemCapabilities = {
							com.apple.ApplicationGroups.Mac = {
								enabled = 0;
							};
						};
					};
				};
			};
			buildConfigurationList = 69CA1DF1088DA56D00D7ADEE /* Build configuration list for PBXProject "Knot" */;
			compatibilityVersion = "Xcode 8.0";
			developmentRegion = en;
			hasScannedForEncodings = 1;
			knownRegions = (
				Base,
				de,
				fr,
				ja,
				en,
			);
			mainGroup = 29B97314FDCFA39411CA2CEA /* terstes */;
			projectDirPath = "";
			projectRoot = "";
			targets = (
				69F36A7205670A9A009AED51 /* Knot */,
				697BC9EA1F9A7A2F005DE82A /* Knot No Matlab */,
			);
		};
/* End PBXProject section */

/* Begin PBXResourcesBuildPhase section */
		697BC9F01F9A7A2F005DE82A /* Resources */ = {
			isa = PBXResourcesBuildPhase;
			buildActionMask = 2147483647;
			files = (
				697BC9F51F9A7A2F005DE82A /* UserDefaults.plist in Resources */,
				697BC9F61F9A7A2F005DE82A /* Knot.icns in Resources */,
				697BC9F71F9A7A2F005DE82A /* KnotPlugin.icns in Resources */,
				697BC9F81F9A7A2F005DE82A /* loud200Hz200msSq.aiff in Resources */,
				697BC9F91F9A7A2F005DE82A /* shortCorrect.aiff in Resources */,
				69A4A1701FCA18B4002F6F8C /* MainMenu.xib in Resources */,
				697BC9FA1F9A7A2F005DE82A /* MouseWrong.wav in Resources */,
				697BC9FB1F9A7A2F005DE82A /* MouseCorrect.wav in Resources */,
				697BC9FC1F9A7A2F005DE82A /* MouseWaitForLever.wav in Resources */,
				697BC9FD1F9A7A2F005DE82A /* shortNotCorrect.aiff in Resources */,
				697BC9FE1F9A7A2F005DE82A /* 4G.aiff in Resources */,
				697BC9FF1F9A7A2F005DE82A /* 5C.aiff in Resources */,
				697BCA001F9A7A2F005DE82A /* 5G.aiff in Resources */,
				697BCA011F9A7A2F005DE82A /* 6C.aiff in Resources */,
				697BCA021F9A7A2F005DE82A /* 6G.aiff in Resources */,
				697BCA031F9A7A2F005DE82A /* 7C.aiff in Resources */,
				697BCA041F9A7A2F005DE82A /* 7G.aiff in Resources */,
				697BCA051F9A7A2F005DE82A /* Correct.aiff in Resources */,
				697BCA061F9A7A2F005DE82A /* Matlab in Resources */,
				69A4A1761FCA18F8002F6F8C /* InfoPlist.strings in Resources */,
				69A4A16E1FCA18B4002F6F8C /* KNSummaryController.xib in Resources */,
				697BCA071F9A7A2F005DE82A /* MouseLeverDown.wav in Resources */,
				697BCA081F9A7A2F005DE82A /* MouseFailed.wav in Resources */,
				697BCA091F9A7A2F005DE82A /* Wrong.aiff in Resources */,
				697BCA0A1F9A7A2F005DE82A /* 200Hz100msSq.aiff in Resources */,
			);
			runOnlyForDeploymentPostprocessing = 0;
		};
		69F36A9105670A9A009AED51 /* Resources */ = {
			isa = PBXResourcesBuildPhase;
			buildActionMask = 2147483647;
			files = (
				6927EA401EB5004D004D90AC /* UserDefaults.plist in Resources */,
				69FF455D07C8106E0041B08D /* Knot.icns in Resources */,
				69DACB3B0A1787EE00B914AA /* KnotPlugin.icns in Resources */,
				699981E50A8A7B5400101ABF /* loud200Hz200msSq.aiff in Resources */,
				69B1234420328F980064A57C /* 200Hz300msSq.aiff in Resources */,
				699981E60A8A7B5400101ABF /* shortCorrect.aiff in Resources */,
				69A4A16F1FCA18B4002F6F8C /* MainMenu.xib in Resources */,
				69EE5FCC1E994C2A00BC3787 /* MouseWrong.wav in Resources */,
				69EE5FC81E994C2A00BC3787 /* MouseCorrect.wav in Resources */,
				69EE5FCB1E994C2A00BC3787 /* MouseWaitForLever.wav in Resources */,
				699981E70A8A7B5400101ABF /* shortNotCorrect.aiff in Resources */,
				69B1234520328F980064A57C /* 200Hz200msSq.aiff in Resources */,
				69F11F470B1E70260068A6CF /* 4G.aiff in Resources */,
				69F11F4E0B1E70380068A6CF /* 5C.aiff in Resources */,
				69F11F4F0B1E70380068A6CF /* 5G.aiff in Resources */,
				69F11F500B1E70380068A6CF /* 6C.aiff in Resources */,
				69F11F510B1E70380068A6CF /* 6G.aiff in Resources */,
				69F11F520B1E70380068A6CF /* 7C.aiff in Resources */,
				69F11F530B1E70380068A6CF /* 7G.aiff in Resources */,
				69F11F550B1E70410068A6CF /* Correct.aiff in Resources */,
				69B1234720328F980064A57C /* 200Hz400msSq.aiff in Resources */,
				69C346DB1EE3593B00C278F8 /* Matlab in Resources */,
				69A4A1751FCA18F8002F6F8C /* InfoPlist.strings in Resources */,
				69A4A16D1FCA18B4002F6F8C /* KNSummaryController.xib in Resources */,
				69EE5FCA1E994C2A00BC3787 /* MouseLeverDown.wav in Resources */,
				69EE5FC91E994C2A00BC3787 /* MouseFailed.wav in Resources */,
				69F11F570B1E704A0068A6CF /* Wrong.aiff in Resources */,
				69B1234620328F980064A57C /* 200Hz500msSq.aiff in Resources */,
				69E3C29D0C4ABF1A003C6763 /* 200Hz100msSq.aiff in Resources */,
			);
			runOnlyForDeploymentPostprocessing = 0;
		};
/* End PBXResourcesBuildPhase section */

/* Begin PBXSourcesBuildPhase section */
		697BCA0C1F9A7A2F005DE82A /* Sources */ = {
			isa = PBXSourcesBuildPhase;
			buildActionMask = 2147483647;
			files = (
				697BCA0D1F9A7A2F005DE82A /* main.m in Sources */,
				697BCA0E1F9A7A2F005DE82A /* KNAppController.m in Sources */,
				697BCA0F1F9A7A2F005DE82A /* KNSummaryController.m in Sources */,
			);
			runOnlyForDeploymentPostprocessing = 0;
		};
		69F36AA605670A9A009AED51 /* Sources */ = {
			isa = PBXSourcesBuildPhase;
			buildActionMask = 2147483647;
			files = (
				69F36AA705670A9A009AED51 /* main.m in Sources */,
				69F36AAA05670A9A009AED51 /* KNAppController.m in Sources */,
				69F36AB205670A9A009AED51 /* KNSummaryController.m in Sources */,
			);
			runOnlyForDeploymentPostprocessing = 0;
		};
/* End PBXSourcesBuildPhase section */

/* Begin PBXVariantGroup section */
		69A4A1691FCA18B3002F6F8C /* KNSummaryController.xib */ = {
			isa = PBXVariantGroup;
			children = (
				69A4A1711FCA18C7002F6F8C /* Base */,
			);
			name = KNSummaryController.xib;
			sourceTree = "<group>";
		};
		69A4A16B1FCA18B3002F6F8C /* MainMenu.xib */ = {
			isa = PBXVariantGroup;
			children = (
				69A4A1721FCA18C7002F6F8C /* Base */,
			);
			name = MainMenu.xib;
			sourceTree = "<group>";
		};
		69A4A1731FCA18F8002F6F8C /* InfoPlist.strings */ = {
			isa = PBXVariantGroup;
			children = (
				69A4A1741FCA18F8002F6F8C /* Base */,
			);
			name = InfoPlist.strings;
			sourceTree = "<group>";
		};
/* End PBXVariantGroup section */

/* Begin XCBuildConfiguration section */
		697BCA1B1F9A7A2F005DE82A /* Development */ = {
			isa = XCBuildConfiguration;
			baseConfigurationReference = 697BCA201F9A7DE2005DE82A /* AllAppsNoMatlab.xcconfig */;
			buildSettings = {
				CLANG_ENABLE_OBJC_WEAK = YES;
				CODE_SIGN_IDENTITY = "Apple Development";
				CODE_SIGN_STYLE = Automatic;
				DEVELOPMENT_TEAM = E54G4AFC7H;
				GCC_PREFIX_HEADER = Knot_Prefix.h;
				LD_RUNPATH_SEARCH_PATHS = "$(inherited) @executable_path/../Frameworks";
				PRODUCT_BUNDLE_IDENTIFIER = lablib.knot;
				PRODUCT_NAME = Knot;
				PROVISIONING_PROFILE_SPECIFIER = "";
			};
			name = Development;
		};
		697BCA1C1F9A7A2F005DE82A /* Deployment */ = {
			isa = XCBuildConfiguration;
			baseConfigurationReference = 697BCA201F9A7DE2005DE82A /* AllAppsNoMatlab.xcconfig */;
			buildSettings = {
				CLANG_ENABLE_OBJC_WEAK = YES;
				CODE_SIGN_IDENTITY = "Apple Development";
				CODE_SIGN_STYLE = Automatic;
				DEVELOPMENT_TEAM = E54G4AFC7H;
				GCC_PREFIX_HEADER = Knot_Prefix.h;
				LD_RUNPATH_SEARCH_PATHS = "$(inherited) @executable_path/../Frameworks";
				PRODUCT_BUNDLE_IDENTIFIER = lablib.knot;
				PRODUCT_NAME = Knot;
				PROVISIONING_PROFILE_SPECIFIER = "";
			};
			name = Deployment;
		};
		697BCA1D1F9A7A2F005DE82A /* Default */ = {
			isa = XCBuildConfiguration;
			baseConfigurationReference = 697BCA201F9A7DE2005DE82A /* AllAppsNoMatlab.xcconfig */;
			buildSettings = {
				CLANG_ENABLE_OBJC_WEAK = YES;
				CODE_SIGN_IDENTITY = "Apple Development";
				CODE_SIGN_STYLE = Automatic;
				DEVELOPMENT_TEAM = E54G4AFC7H;
				GCC_PREFIX_HEADER = Knot_Prefix.h;
				LD_RUNPATH_SEARCH_PATHS = "$(inherited) @executable_path/../Frameworks";
				PRODUCT_BUNDLE_IDENTIFIER = lablib.knot;
				PRODUCT_NAME = Knot;
				PROVISIONING_PROFILE_SPECIFIER = "";
			};
			name = Default;
		};
		69CA1DEA088DA56D00D7ADEE /* Development */ = {
			isa = XCBuildConfiguration;
			baseConfigurationReference = 696A9CD41F95529A00C6527B /* AllApps.xcconfig */;
			buildSettings = {
				CLANG_ENABLE_OBJC_WEAK = YES;
				CODE_SIGN_IDENTITY = "Apple Development";
				CODE_SIGN_STYLE = Manual;
				DEVELOPMENT_TEAM = E54G4AFC7H;
				GCC_PREFIX_HEADER = Knot_Prefix.h;
				LD_RUNPATH_SEARCH_PATHS = "$(inherited) @executable_path/../Frameworks";
				PRODUCT_BUNDLE_IDENTIFIER = lablib.knot;
				PRODUCT_NAME = Knot;
				PROVISIONING_PROFILE_SPECIFIER = "";
				VALIDATE_WORKSPACE_SKIPPED_SDK_FRAMEWORKS = "$(inherited)";
			};
			name = Development;
		};
		69CA1DEB088DA56D00D7ADEE /* Deployment */ = {
			isa = XCBuildConfiguration;
			baseConfigurationReference = 696A9CD41F95529A00C6527B /* AllApps.xcconfig */;
			buildSettings = {
				CLANG_ENABLE_OBJC_WEAK = YES;
				CODE_SIGN_IDENTITY = "Apple Development";
				CODE_SIGN_STYLE = Manual;
				DEVELOPMENT_TEAM = E54G4AFC7H;
				GCC_PREFIX_HEADER = Knot_Prefix.h;
				LD_RUNPATH_SEARCH_PATHS = "$(inherited) @executable_path/../Frameworks";
				PRODUCT_BUNDLE_IDENTIFIER = lablib.knot;
				PRODUCT_NAME = Knot;
				PROVISIONING_PROFILE_SPECIFIER = "";
				VALIDATE_WORKSPACE_SKIPPED_SDK_FRAMEWORKS = "$(inherited)";
			};
			name = Deployment;
		};
		69CA1DEC088DA56D00D7ADEE /* Default */ = {
			isa = XCBuildConfiguration;
			baseConfigurationReference = 696A9CD41F95529A00C6527B /* AllApps.xcconfig */;
			buildSettings = {
				CLANG_ENABLE_OBJC_WEAK = YES;
				CODE_SIGN_IDENTITY = "Apple Development";
				CODE_SIGN_STYLE = Manual;
				DEVELOPMENT_TEAM = E54G4AFC7H;
				GCC_PREFIX_HEADER = Knot_Prefix.h;
				LD_RUNPATH_SEARCH_PATHS = "$(inherited) @executable_path/../Frameworks";
				PRODUCT_BUNDLE_IDENTIFIER = lablib.knot;
				PRODUCT_NAME = Knot;
				PROVISIONING_PROFILE_SPECIFIER = "";
				VALIDATE_WORKSPACE_SKIPPED_SDK_FRAMEWORKS = "$(inherited)";
			};
			name = Default;
		};
		69CA1DF2088DA56D00D7ADEE /* Development */ = {
			isa = XCBuildConfiguration;
			baseConfigurationReference = 696A9CD61F9552A800C6527B /* AllProjects.xcconfig */;
			buildSettings = {
				CLANG_ANALYZER_LOCALIZABILITY_NONLOCALIZED = YES;
				CLANG_WARN_DEPRECATED_OBJC_IMPLEMENTATIONS = YES;
				CLANG_WARN_OBJC_IMPLICIT_RETAIN_SELF = YES;
			};
			name = Development;
		};
		69CA1DF3088DA56D00D7ADEE /* Deployment */ = {
			isa = XCBuildConfiguration;
			baseConfigurationReference = 696A9CD61F9552A800C6527B /* AllProjects.xcconfig */;
			buildSettings = {
				CLANG_ANALYZER_LOCALIZABILITY_NONLOCALIZED = YES;
				CLANG_WARN_DEPRECATED_OBJC_IMPLEMENTATIONS = YES;
				CLANG_WARN_OBJC_IMPLICIT_RETAIN_SELF = YES;
			};
			name = Deployment;
		};
		69CA1DF4088DA56D00D7ADEE /* Default */ = {
			isa = XCBuildConfiguration;
			baseConfigurationReference = 696A9CD61F9552A800C6527B /* AllProjects.xcconfig */;
			buildSettings = {
				CLANG_ANALYZER_LOCALIZABILITY_NONLOCALIZED = YES;
				CLANG_WARN_DEPRECATED_OBJC_IMPLEMENTATIONS = YES;
				CLANG_WARN_OBJC_IMPLICIT_RETAIN_SELF = YES;
			};
			name = Default;
		};
/* End XCBuildConfiguration section */

/* Begin XCConfigurationList section */
		697BCA1A1F9A7A2F005DE82A /* Build configuration list for PBXNativeTarget "Knot No Matlab" */ = {
			isa = XCConfigurationList;
			buildConfigurations = (
				697BCA1B1F9A7A2F005DE82A /* Development */,
				697BCA1C1F9A7A2F005DE82A /* Deployment */,
				697BCA1D1F9A7A2F005DE82A /* Default */,
			);
			defaultConfigurationIsVisible = 0;
			defaultConfigurationName = Default;
		};
		69CA1DE9088DA56D00D7ADEE /* Build configuration list for PBXNativeTarget "Knot" */ = {
			isa = XCConfigurationList;
			buildConfigurations = (
				69CA1DEA088DA56D00D7ADEE /* Development */,
				69CA1DEB088DA56D00D7ADEE /* Deployment */,
				69CA1DEC088DA56D00D7ADEE /* Default */,
			);
			defaultConfigurationIsVisible = 0;
			defaultConfigurationName = Default;
		};
		69CA1DF1088DA56D00D7ADEE /* Build configuration list for PBXProject "Knot" */ = {
			isa = XCConfigurationList;
			buildConfigurations = (
				69CA1DF2088DA56D00D7ADEE /* Development */,
				69CA1DF3088DA56D00D7ADEE /* Deployment */,
				69CA1DF4088DA56D00D7ADEE /* Default */,
			);
			defaultConfigurationIsVisible = 0;
			defaultConfigurationName = Default;
		};
/* End XCConfigurationList section */
	};
	rootObject = 29B97313FDCFA39411CA2CEA /* Project object */;
}
